// !$*UTF8*$!
{
	archiveVersion = 1;
	classes = {
	};
	objectVersion = 46;
	objects = {

/* Begin PBXBuildFile section */
		4FC1319A0F579422C8501F8A /* Pods_TechBooth.framework in Frameworks */ = {isa = PBXBuildFile; fileRef = C1B6982EE941512828B4EFF3 /* Pods_TechBooth.framework */; };
		A061064C1E03369000442324 /* techboothPDF.png in Resources */ = {isa = PBXBuildFile; fileRef = A061064B1E03369000442324 /* techboothPDF.png */; };
		A0A239FD1E01C49B00FC2588 /* DataManager.swift in Sources */ = {isa = PBXBuildFile; fileRef = A0A239FC1E01C49B00FC2588 /* DataManager.swift */; };
		E2140E001E0348BF008B91C9 /* EditMenu.swift in Sources */ = {isa = PBXBuildFile; fileRef = E2140DFE1E0348BF008B91C9 /* EditMenu.swift */; };
		E2140E011E0348BF008B91C9 /* EditMenu.xib in Resources */ = {isa = PBXBuildFile; fileRef = E2140DFF1E0348BF008B91C9 /* EditMenu.xib */; };
		E281E9B01E01B32B00CC8E74 /* AppDelegate.swift in Sources */ = {isa = PBXBuildFile; fileRef = E281E9AF1E01B32B00CC8E74 /* AppDelegate.swift */; };
		E281E9B51E01B32B00CC8E74 /* Main.storyboard in Resources */ = {isa = PBXBuildFile; fileRef = E281E9B31E01B32B00CC8E74 /* Main.storyboard */; };
		E281E9B81E01B32B00CC8E74 /* TechBooth.xcdatamodeld in Sources */ = {isa = PBXBuildFile; fileRef = E281E9B61E01B32B00CC8E74 /* TechBooth.xcdatamodeld */; };
		E281E9BA1E01B32B00CC8E74 /* Assets.xcassets in Resources */ = {isa = PBXBuildFile; fileRef = E281E9B91E01B32B00CC8E74 /* Assets.xcassets */; };
		E281E9BD1E01B32B00CC8E74 /* LaunchScreen.storyboard in Resources */ = {isa = PBXBuildFile; fileRef = E281E9BB1E01B32B00CC8E74 /* LaunchScreen.storyboard */; };
		E281E9C61E01B33E00CC8E74 /* CoreText.framework in Frameworks */ = {isa = PBXBuildFile; fileRef = E281E9C51E01B33E00CC8E74 /* CoreText.framework */; };
		E281E9C81E01B70000CC8E74 /* Fyi.pdf in Resources */ = {isa = PBXBuildFile; fileRef = E281E9C71E01B70000CC8E74 /* Fyi.pdf */; };
		E281E9CC1E01BAD600CC8E74 /* ProjectViewController.swift in Sources */ = {isa = PBXBuildFile; fileRef = E281E9CB1E01BAD600CC8E74 /* ProjectViewController.swift */; };
		E281E9CE1E01C13C00CC8E74 /* SinglePageViewController.swift in Sources */ = {isa = PBXBuildFile; fileRef = E281E9CD1E01C13C00CC8E74 /* SinglePageViewController.swift */; };
		E281E9D01E01D8A000CC8E74 /* pdfView.swift in Sources */ = {isa = PBXBuildFile; fileRef = E281E9CF1E01D8A000CC8E74 /* pdfView.swift */; };
		E281E9D21E01DDA900CC8E74 /* MainMenuView.swift in Sources */ = {isa = PBXBuildFile; fileRef = E281E9D11E01DDA900CC8E74 /* MainMenuView.swift */; };
		E281E9D41E01DE8A00CC8E74 /* LightsViewController.swift in Sources */ = {isa = PBXBuildFile; fileRef = E281E9D31E01DE8A00CC8E74 /* LightsViewController.swift */; };
		E281E9D61E01DED600CC8E74 /* SoundViewController.swift in Sources */ = {isa = PBXBuildFile; fileRef = E281E9D51E01DED600CC8E74 /* SoundViewController.swift */; };
		E281E9D81E01DFB100CC8E74 /* PresentationViewController.swift in Sources */ = {isa = PBXBuildFile; fileRef = E281E9D71E01DFB100CC8E74 /* PresentationViewController.swift */; };
		E281E9DA1E01E10A00CC8E74 /* SettingsViewController.swift in Sources */ = {isa = PBXBuildFile; fileRef = E281E9D91E01E10A00CC8E74 /* SettingsViewController.swift */; };
		E281E9FE1E01FADE00CC8E74 /* ModelController.swift in Sources */ = {isa = PBXBuildFile; fileRef = E281E9FD1E01FADE00CC8E74 /* ModelController.swift */; };
/* End PBXBuildFile section */

/* Begin PBXFileReference section */
		A061064B1E03369000442324 /* techboothPDF.png */ = {isa = PBXFileReference; lastKnownFileType = image.png; name = techboothPDF.png; path = ../techboothPDF.png; sourceTree = "<group>"; };
		A0A239FC1E01C49B00FC2588 /* DataManager.swift */ = {isa = PBXFileReference; fileEncoding = 4; lastKnownFileType = sourcecode.swift; path = DataManager.swift; sourceTree = "<group>"; };
		C1B6982EE941512828B4EFF3 /* Pods_TechBooth.framework */ = {isa = PBXFileReference; explicitFileType = wrapper.framework; includeInIndex = 0; path = Pods_TechBooth.framework; sourceTree = BUILT_PRODUCTS_DIR; };
		CD675261CF4C2035F9C55AA1 /* Pods-TechBooth.release.xcconfig */ = {isa = PBXFileReference; includeInIndex = 1; lastKnownFileType = text.xcconfig; name = "Pods-TechBooth.release.xcconfig"; path = "Pods/Target Support Files/Pods-TechBooth/Pods-TechBooth.release.xcconfig"; sourceTree = "<group>"; };
		E2140DFE1E0348BF008B91C9 /* EditMenu.swift */ = {isa = PBXFileReference; fileEncoding = 4; lastKnownFileType = sourcecode.swift; path = EditMenu.swift; sourceTree = "<group>"; };
		E2140DFF1E0348BF008B91C9 /* EditMenu.xib */ = {isa = PBXFileReference; fileEncoding = 4; lastKnownFileType = file.xib; path = EditMenu.xib; sourceTree = "<group>"; };
		E281E9AC1E01B32B00CC8E74 /* TechBooth.app */ = {isa = PBXFileReference; explicitFileType = wrapper.application; includeInIndex = 0; path = TechBooth.app; sourceTree = BUILT_PRODUCTS_DIR; };
		E281E9AF1E01B32B00CC8E74 /* AppDelegate.swift */ = {isa = PBXFileReference; lastKnownFileType = sourcecode.swift; path = AppDelegate.swift; sourceTree = "<group>"; };
		E281E9B41E01B32B00CC8E74 /* Base */ = {isa = PBXFileReference; lastKnownFileType = file.storyboard; name = Base; path = Base.lproj/Main.storyboard; sourceTree = "<group>"; };
		E281E9B71E01B32B00CC8E74 /* TechBooth.xcdatamodel */ = {isa = PBXFileReference; lastKnownFileType = wrapper.xcdatamodel; path = TechBooth.xcdatamodel; sourceTree = "<group>"; };
		E281E9B91E01B32B00CC8E74 /* Assets.xcassets */ = {isa = PBXFileReference; lastKnownFileType = folder.assetcatalog; path = Assets.xcassets; sourceTree = "<group>"; };
		E281E9BC1E01B32B00CC8E74 /* Base */ = {isa = PBXFileReference; lastKnownFileType = file.storyboard; name = Base; path = Base.lproj/LaunchScreen.storyboard; sourceTree = "<group>"; };
		E281E9BE1E01B32B00CC8E74 /* Info.plist */ = {isa = PBXFileReference; lastKnownFileType = text.plist.xml; path = Info.plist; sourceTree = "<group>"; };
		E281E9C51E01B33E00CC8E74 /* CoreText.framework */ = {isa = PBXFileReference; lastKnownFileType = wrapper.framework; name = CoreText.framework; path = System/Library/Frameworks/CoreText.framework; sourceTree = SDKROOT; };
		E281E9C71E01B70000CC8E74 /* Fyi.pdf */ = {isa = PBXFileReference; lastKnownFileType = image.pdf; path = Fyi.pdf; sourceTree = "<group>"; };
		E281E9CB1E01BAD600CC8E74 /* ProjectViewController.swift */ = {isa = PBXFileReference; fileEncoding = 4; lastKnownFileType = sourcecode.swift; path = ProjectViewController.swift; sourceTree = "<group>"; };
		E281E9CD1E01C13C00CC8E74 /* SinglePageViewController.swift */ = {isa = PBXFileReference; fileEncoding = 4; lastKnownFileType = sourcecode.swift; path = SinglePageViewController.swift; sourceTree = "<group>"; };
		E281E9CF1E01D8A000CC8E74 /* pdfView.swift */ = {isa = PBXFileReference; fileEncoding = 4; lastKnownFileType = sourcecode.swift; path = pdfView.swift; sourceTree = "<group>"; };
		E281E9D11E01DDA900CC8E74 /* MainMenuView.swift */ = {isa = PBXFileReference; fileEncoding = 4; lastKnownFileType = sourcecode.swift; path = MainMenuView.swift; sourceTree = "<group>"; };
		E281E9D31E01DE8A00CC8E74 /* LightsViewController.swift */ = {isa = PBXFileReference; fileEncoding = 4; lastKnownFileType = sourcecode.swift; path = LightsViewController.swift; sourceTree = "<group>"; };
		E281E9D51E01DED600CC8E74 /* SoundViewController.swift */ = {isa = PBXFileReference; fileEncoding = 4; lastKnownFileType = sourcecode.swift; path = SoundViewController.swift; sourceTree = "<group>"; };
		E281E9D71E01DFB100CC8E74 /* PresentationViewController.swift */ = {isa = PBXFileReference; fileEncoding = 4; lastKnownFileType = sourcecode.swift; path = PresentationViewController.swift; sourceTree = "<group>"; };
		E281E9D91E01E10A00CC8E74 /* SettingsViewController.swift */ = {isa = PBXFileReference; fileEncoding = 4; lastKnownFileType = sourcecode.swift; path = SettingsViewController.swift; sourceTree = "<group>"; };
		E281E9FD1E01FADE00CC8E74 /* ModelController.swift */ = {isa = PBXFileReference; fileEncoding = 4; lastKnownFileType = sourcecode.swift; path = ModelController.swift; sourceTree = "<group>"; };
		F32199733E5AAB2006406D40 /* Pods-TechBooth.debug.xcconfig */ = {isa = PBXFileReference; includeInIndex = 1; lastKnownFileType = text.xcconfig; name = "Pods-TechBooth.debug.xcconfig"; path = "Pods/Target Support Files/Pods-TechBooth/Pods-TechBooth.debug.xcconfig"; sourceTree = "<group>"; };
/* End PBXFileReference section */

/* Begin PBXFrameworksBuildPhase section */
		E281E9A91E01B32B00CC8E74 /* Frameworks */ = {
			isa = PBXFrameworksBuildPhase;
			buildActionMask = 2147483647;
			files = (
				E281E9C61E01B33E00CC8E74 /* CoreText.framework in Frameworks */,
				4FC1319A0F579422C8501F8A /* Pods_TechBooth.framework in Frameworks */,
			);
			runOnlyForDeploymentPostprocessing = 0;
		};
/* End PBXFrameworksBuildPhase section */

/* Begin PBXGroup section */
		CB66CF87392EF595F260319D /* Pods */ = {
			isa = PBXGroup;
			children = (
				F32199733E5AAB2006406D40 /* Pods-TechBooth.debug.xcconfig */,
				CD675261CF4C2035F9C55AA1 /* Pods-TechBooth.release.xcconfig */,
			);
			name = Pods;
			sourceTree = "<group>";
		};
		E281E9A31E01B32B00CC8E74 = {
			isa = PBXGroup;
			children = (
				E281E9AE1E01B32B00CC8E74 /* TechBooth */,
				E281E9AD1E01B32B00CC8E74 /* Products */,
				E281E9C41E01B33E00CC8E74 /* Frameworks */,
				CB66CF87392EF595F260319D /* Pods */,
			);
			sourceTree = "<group>";
		};
		E281E9AD1E01B32B00CC8E74 /* Products */ = {
			isa = PBXGroup;
			children = (
				E281E9AC1E01B32B00CC8E74 /* TechBooth.app */,
			);
			name = Products;
			sourceTree = "<group>";
		};
		E281E9AE1E01B32B00CC8E74 /* TechBooth */ = {
			isa = PBXGroup;
			children = (
				E281E9B31E01B32B00CC8E74 /* Main.storyboard */,
				A0A239FC1E01C49B00FC2588 /* DataManager.swift */,
				E281E9D11E01DDA900CC8E74 /* MainMenuView.swift */,
				E281E9D91E01E10A00CC8E74 /* SettingsViewController.swift */,
				E281E9CB1E01BAD600CC8E74 /* ProjectViewController.swift */,
				E281E9FD1E01FADE00CC8E74 /* ModelController.swift */,
				E2140DFE1E0348BF008B91C9 /* EditMenu.swift */,
				E2140DFF1E0348BF008B91C9 /* EditMenu.xib */,
				E281E9D31E01DE8A00CC8E74 /* LightsViewController.swift */,
				E281E9D51E01DED600CC8E74 /* SoundViewController.swift */,
				E281E9CD1E01C13C00CC8E74 /* SinglePageViewController.swift */,
				E281E9CF1E01D8A000CC8E74 /* pdfView.swift */,
				E281E9D71E01DFB100CC8E74 /* PresentationViewController.swift */,
				E281E9AF1E01B32B00CC8E74 /* AppDelegate.swift */,
				E281E9B91E01B32B00CC8E74 /* Assets.xcassets */,
				E281E9C71E01B70000CC8E74 /* Fyi.pdf */,
				A061064B1E03369000442324 /* techboothPDF.png */,
				E281E9BB1E01B32B00CC8E74 /* LaunchScreen.storyboard */,
				E281E9BE1E01B32B00CC8E74 /* Info.plist */,
				E281E9B61E01B32B00CC8E74 /* TechBooth.xcdatamodeld */,
			);
			path = TechBooth;
			sourceTree = "<group>";
		};
		E281E9C41E01B33E00CC8E74 /* Frameworks */ = {
			isa = PBXGroup;
			children = (
				E281E9C51E01B33E00CC8E74 /* CoreText.framework */,
				C1B6982EE941512828B4EFF3 /* Pods_TechBooth.framework */,
			);
			name = Frameworks;
			sourceTree = "<group>";
		};
/* End PBXGroup section */

/* Begin PBXNativeTarget section */
		E281E9AB1E01B32B00CC8E74 /* TechBooth */ = {
			isa = PBXNativeTarget;
			buildConfigurationList = E281E9C11E01B32B00CC8E74 /* Build configuration list for PBXNativeTarget "TechBooth" */;
			buildPhases = (
				C007C256AFEAB8DD94F01F67 /* [CP] Check Pods Manifest.lock */,
				E281E9A81E01B32B00CC8E74 /* Sources */,
				E281E9A91E01B32B00CC8E74 /* Frameworks */,
				E281E9AA1E01B32B00CC8E74 /* Resources */,
				837EC8400429921F8075A932 /* [CP] Embed Pods Frameworks */,
				ACDA6A57E28AB93CCB57EAD0 /* [CP] Copy Pods Resources */,
			);
			buildRules = (
			);
			dependencies = (
			);
			name = TechBooth;
			productName = TechBooth;
			productReference = E281E9AC1E01B32B00CC8E74 /* TechBooth.app */;
			productType = "com.apple.product-type.application";
		};
/* End PBXNativeTarget section */

/* Begin PBXProject section */
		E281E9A41E01B32B00CC8E74 /* Project object */ = {
			isa = PBXProject;
			attributes = {
				LastSwiftUpdateCheck = 0810;
				LastUpgradeCheck = 0810;
				TargetAttributes = {
					E281E9AB1E01B32B00CC8E74 = {
						CreatedOnToolsVersion = 8.1;
						DevelopmentTeam = A337N9L862;
						ProvisioningStyle = Automatic;
					};
				};
			};
			buildConfigurationList = E281E9A71E01B32B00CC8E74 /* Build configuration list for PBXProject "TechBooth" */;
			compatibilityVersion = "Xcode 3.2";
			developmentRegion = English;
			hasScannedForEncodings = 0;
			knownRegions = (
				en,
				Base,
			);
			mainGroup = E281E9A31E01B32B00CC8E74;
			productRefGroup = E281E9AD1E01B32B00CC8E74 /* Products */;
			projectDirPath = "";
			projectRoot = "";
			targets = (
				E281E9AB1E01B32B00CC8E74 /* TechBooth */,
			);
		};
/* End PBXProject section */

/* Begin PBXResourcesBuildPhase section */
		E281E9AA1E01B32B00CC8E74 /* Resources */ = {
			isa = PBXResourcesBuildPhase;
			buildActionMask = 2147483647;
			files = (
				E2140E011E0348BF008B91C9 /* EditMenu.xib in Resources */,
				E281E9BD1E01B32B00CC8E74 /* LaunchScreen.storyboard in Resources */,
				E281E9BA1E01B32B00CC8E74 /* Assets.xcassets in Resources */,
				E281E9B51E01B32B00CC8E74 /* Main.storyboard in Resources */,
				E281E9C81E01B70000CC8E74 /* Fyi.pdf in Resources */,
				A061064C1E03369000442324 /* techboothPDF.png in Resources */,
			);
			runOnlyForDeploymentPostprocessing = 0;
		};
/* End PBXResourcesBuildPhase section */

/* Begin PBXShellScriptBuildPhase section */
		837EC8400429921F8075A932 /* [CP] Embed Pods Frameworks */ = {
			isa = PBXShellScriptBuildPhase;
			buildActionMask = 2147483647;
			files = (
			);
			inputPaths = (
			);
			name = "[CP] Embed Pods Frameworks";
			outputPaths = (
			);
			runOnlyForDeploymentPostprocessing = 0;
			shellPath = /bin/sh;
			shellScript = "\"${SRCROOT}/Pods/Target Support Files/Pods-TechBooth/Pods-TechBooth-frameworks.sh\"\n";
			showEnvVarsInLog = 0;
		};
		ACDA6A57E28AB93CCB57EAD0 /* [CP] Copy Pods Resources */ = {
			isa = PBXShellScriptBuildPhase;
			buildActionMask = 2147483647;
			files = (
			);
			inputPaths = (
			);
			name = "[CP] Copy Pods Resources";
			outputPaths = (
			);
			runOnlyForDeploymentPostprocessing = 0;
			shellPath = /bin/sh;
			shellScript = "\"${SRCROOT}/Pods/Target Support Files/Pods-TechBooth/Pods-TechBooth-resources.sh\"\n";
			showEnvVarsInLog = 0;
		};
		C007C256AFEAB8DD94F01F67 /* [CP] Check Pods Manifest.lock */ = {
			isa = PBXShellScriptBuildPhase;
			buildActionMask = 2147483647;
			files = (
			);
			inputPaths = (
			);
			name = "[CP] Check Pods Manifest.lock";
			outputPaths = (
			);
			runOnlyForDeploymentPostprocessing = 0;
			shellPath = /bin/sh;
			shellScript = "diff \"${PODS_ROOT}/../Podfile.lock\" \"${PODS_ROOT}/Manifest.lock\" > /dev/null\nif [ $? != 0 ] ; then\n    # print error to STDERR\n    echo \"error: The sandbox is not in sync with the Podfile.lock. Run 'pod install' or update your CocoaPods installation.\" >&2\n    exit 1\nfi\n";
			showEnvVarsInLog = 0;
		};
/* End PBXShellScriptBuildPhase section */

/* Begin PBXSourcesBuildPhase section */
		E281E9A81E01B32B00CC8E74 /* Sources */ = {
			isa = PBXSourcesBuildPhase;
			buildActionMask = 2147483647;
			files = (
				E281E9D21E01DDA900CC8E74 /* MainMenuView.swift in Sources */,
				E281E9B81E01B32B00CC8E74 /* TechBooth.xcdatamodeld in Sources */,
				A0A239FD1E01C49B00FC2588 /* DataManager.swift in Sources */,
				E281E9B01E01B32B00CC8E74 /* AppDelegate.swift in Sources */,
				E281E9DA1E01E10A00CC8E74 /* SettingsViewController.swift in Sources */,
				E281E9CC1E01BAD600CC8E74 /* ProjectViewController.swift in Sources */,
				E281E9D81E01DFB100CC8E74 /* PresentationViewController.swift in Sources */,
				E281E9D61E01DED600CC8E74 /* SoundViewController.swift in Sources */,
				E281E9D01E01D8A000CC8E74 /* pdfView.swift in Sources */,
				E281E9FE1E01FADE00CC8E74 /* ModelController.swift in Sources */,
				E281E9D41E01DE8A00CC8E74 /* LightsViewController.swift in Sources */,
				E2140E001E0348BF008B91C9 /* EditMenu.swift in Sources */,
				E281E9CE1E01C13C00CC8E74 /* SinglePageViewController.swift in Sources */,
			);
			runOnlyForDeploymentPostprocessing = 0;
		};
/* End PBXSourcesBuildPhase section */

/* Begin PBXVariantGroup section */
		E281E9B31E01B32B00CC8E74 /* Main.storyboard */ = {
			isa = PBXVariantGroup;
			children = (
				E281E9B41E01B32B00CC8E74 /* Base */,
			);
			name = Main.storyboard;
			sourceTree = "<group>";
		};
		E281E9BB1E01B32B00CC8E74 /* LaunchScreen.storyboard */ = {
			isa = PBXVariantGroup;
			children = (
				E281E9BC1E01B32B00CC8E74 /* Base */,
			);
			name = LaunchScreen.storyboard;
			sourceTree = "<group>";
		};
/* End PBXVariantGroup section */

/* Begin XCBuildConfiguration section */
		E281E9BF1E01B32B00CC8E74 /* Debug */ = {
			isa = XCBuildConfiguration;
			buildSettings = {
				ALWAYS_SEARCH_USER_PATHS = NO;
				CLANG_ANALYZER_NONNULL = YES;
				CLANG_CXX_LANGUAGE_STANDARD = "gnu++0x";
				CLANG_CXX_LIBRARY = "libc++";
				CLANG_ENABLE_MODULES = YES;
				CLANG_ENABLE_OBJC_ARC = YES;
				CLANG_WARN_BOOL_CONVERSION = YES;
				CLANG_WARN_CONSTANT_CONVERSION = YES;
				CLANG_WARN_DIRECT_OBJC_ISA_USAGE = YES_ERROR;
				CLANG_WARN_DOCUMENTATION_COMMENTS = YES;
				CLANG_WARN_EMPTY_BODY = YES;
				CLANG_WARN_ENUM_CONVERSION = YES;
				CLANG_WARN_INFINITE_RECURSION = YES;
				CLANG_WARN_INT_CONVERSION = YES;
				CLANG_WARN_OBJC_ROOT_CLASS = YES_ERROR;
				CLANG_WARN_SUSPICIOUS_MOVES = YES;
				CLANG_WARN_UNREACHABLE_CODE = YES;
				CLANG_WARN__DUPLICATE_METHOD_MATCH = YES;
				"CODE_SIGN_IDENTITY[sdk=iphoneos*]" = "iPhone Developer";
				COPY_PHASE_STRIP = NO;
				DEBUG_INFORMATION_FORMAT = dwarf;
				ENABLE_STRICT_OBJC_MSGSEND = YES;
				ENABLE_TESTABILITY = YES;
				GCC_C_LANGUAGE_STANDARD = gnu99;
				GCC_DYNAMIC_NO_PIC = NO;
				GCC_NO_COMMON_BLOCKS = YES;
				GCC_OPTIMIZATION_LEVEL = 0;
				GCC_PREPROCESSOR_DEFINITIONS = (
					"DEBUG=1",
					"$(inherited)",
				);
				GCC_WARN_64_TO_32_BIT_CONVERSION = YES;
				GCC_WARN_ABOUT_RETURN_TYPE = YES_ERROR;
				GCC_WARN_UNDECLARED_SELECTOR = YES;
				GCC_WARN_UNINITIALIZED_AUTOS = YES_AGGRESSIVE;
				GCC_WARN_UNUSED_FUNCTION = YES;
				GCC_WARN_UNUSED_VARIABLE = YES;
				IPHONEOS_DEPLOYMENT_TARGET = 10.1;
				MTL_ENABLE_DEBUG_INFO = YES;
				ONLY_ACTIVE_ARCH = YES;
				SDKROOT = iphoneos;
				SWIFT_ACTIVE_COMPILATION_CONDITIONS = DEBUG;
				SWIFT_OPTIMIZATION_LEVEL = "-Onone";
				TARGETED_DEVICE_FAMILY = "1,2";
			};
			name = Debug;
		};
		E281E9C01E01B32B00CC8E74 /* Release */ = {
			isa = XCBuildConfiguration;
			buildSettings = {
				ALWAYS_SEARCH_USER_PATHS = NO;
				CLANG_ANALYZER_NONNULL = YES;
				CLANG_CXX_LANGUAGE_STANDARD = "gnu++0x";
				CLANG_CXX_LIBRARY = "libc++";
				CLANG_ENABLE_MODULES = YES;
				CLANG_ENABLE_OBJC_ARC = YES;
				CLANG_WARN_BOOL_CONVERSION = YES;
				CLANG_WARN_CONSTANT_CONVERSION = YES;
				CLANG_WARN_DIRECT_OBJC_ISA_USAGE = YES_ERROR;
				CLANG_WARN_DOCUMENTATION_COMMENTS = YES;
				CLANG_WARN_EMPTY_BODY = YES;
				CLANG_WARN_ENUM_CONVERSION = YES;
				CLANG_WARN_INFINITE_RECURSION = YES;
				CLANG_WARN_INT_CONVERSION = YES;
				CLANG_WARN_OBJC_ROOT_CLASS = YES_ERROR;
				CLANG_WARN_SUSPICIOUS_MOVES = YES;
				CLANG_WARN_UNREACHABLE_CODE = YES;
				CLANG_WARN__DUPLICATE_METHOD_MATCH = YES;
				"CODE_SIGN_IDENTITY[sdk=iphoneos*]" = "iPhone Developer";
				COPY_PHASE_STRIP = NO;
				DEBUG_INFORMATION_FORMAT = "dwarf-with-dsym";
				ENABLE_NS_ASSERTIONS = NO;
				ENABLE_STRICT_OBJC_MSGSEND = YES;
				GCC_C_LANGUAGE_STANDARD = gnu99;
				GCC_NO_COMMON_BLOCKS = YES;
				GCC_WARN_64_TO_32_BIT_CONVERSION = YES;
				GCC_WARN_ABOUT_RETURN_TYPE = YES_ERROR;
				GCC_WARN_UNDECLARED_SELECTOR = YES;
				GCC_WARN_UNINITIALIZED_AUTOS = YES_AGGRESSIVE;
				GCC_WARN_UNUSED_FUNCTION = YES;
				GCC_WARN_UNUSED_VARIABLE = YES;
				IPHONEOS_DEPLOYMENT_TARGET = 10.1;
				MTL_ENABLE_DEBUG_INFO = NO;
				SDKROOT = iphoneos;
				SWIFT_OPTIMIZATION_LEVEL = "-Owholemodule";
				TARGETED_DEVICE_FAMILY = "1,2";
				VALIDATE_PRODUCT = YES;
			};
			name = Release;
		};
		E281E9C21E01B32B00CC8E74 /* Debug */ = {
			isa = XCBuildConfiguration;
			baseConfigurationReference = F32199733E5AAB2006406D40 /* Pods-TechBooth.debug.xcconfig */;
			buildSettings = {
				ASSETCATALOG_COMPILER_APPICON_NAME = AppIcon;
				DEVELOPMENT_TEAM = A337N9L862;
				INFOPLIST_FILE = TechBooth/Info.plist;
				LD_RUNPATH_SEARCH_PATHS = "$(inherited) @executable_path/Frameworks";
				PRODUCT_BUNDLE_IDENTIFIER = DMSV.TechBooth.Me;
				PRODUCT_NAME = "$(TARGET_NAME)";
				SWIFT_VERSION = 3.0;
			};
			name = Debug;
		};
		E281E9C31E01B32B00CC8E74 /* Release */ = {
			isa = XCBuildConfiguration;
			baseConfigurationReference = CD675261CF4C2035F9C55AA1 /* Pods-TechBooth.release.xcconfig */;
			buildSettings = {
				ASSETCATALOG_COMPILER_APPICON_NAME = AppIcon;
				DEVELOPMENT_TEAM = A337N9L862;
				INFOPLIST_FILE = TechBooth/Info.plist;
				LD_RUNPATH_SEARCH_PATHS = "$(inherited) @executable_path/Frameworks";
				PRODUCT_BUNDLE_IDENTIFIER = DMSV.TechBooth.Me;
				PRODUCT_NAME = "$(TARGET_NAME)";
				SWIFT_VERSION = 3.0;
			};
			name = Release;
		};
/* End XCBuildConfiguration section */

/* Begin XCConfigurationList section */
		E281E9A71E01B32B00CC8E74 /* Build configuration list for PBXProject "TechBooth" */ = {
			isa = XCConfigurationList;
			buildConfigurations = (
				E281E9BF1E01B32B00CC8E74 /* Debug */,
				E281E9C01E01B32B00CC8E74 /* Release */,
			);
			defaultConfigurationIsVisible = 0;
			defaultConfigurationName = Release;
		};
		E281E9C11E01B32B00CC8E74 /* Build configuration list for PBXNativeTarget "TechBooth" */ = {
			isa = XCConfigurationList;
			buildConfigurations = (
				E281E9C21E01B32B00CC8E74 /* Debug */,
				E281E9C31E01B32B00CC8E74 /* Release */,
			);
			defaultConfigurationIsVisible = 0;
			defaultConfigurationName = Release;
		};
/* End XCConfigurationList section */

/* Begin XCVersionGroup section */
		E281E9B61E01B32B00CC8E74 /* TechBooth.xcdatamodeld */ = {
			isa = XCVersionGroup;
			children = (
				E281E9B71E01B32B00CC8E74 /* TechBooth.xcdatamodel */,
			);
			currentVersion = E281E9B71E01B32B00CC8E74 /* TechBooth.xcdatamodel */;
			path = TechBooth.xcdatamodeld;
			sourceTree = "<group>";
			versionGroupType = wrapper.xcdatamodel;
		};
/* End XCVersionGroup section */
	};
	rootObject = E281E9A41E01B32B00CC8E74 /* Project object */;
}
